
Microsoft Visual Studio Solution File, Format Version 12.00
# Visual Studio Version 16
VisualStudioVersion = 16.0.30104.148
MinimumVisualStudioVersion = 10.0.40219.1
Project("{FAE04EC0-301F-11D3-BF4B-00C04F79EFBC}") = "WebsiteLaptop.Application", "WebsiteLaptop.Application\WebsiteLaptop.Application.csproj", "{6D30F470-7919-4468-B362-93FB78876DCB}"
EndProject
Project("{FAE04EC0-301F-11D3-BF4B-00C04F79EFBC}") = "WebsiteLaptop.Service", "WebsiteLaptop.Service\WebsiteLaptop.Service.csproj", "{4EE227A2-4184-4756-8A2E-9DD1FD04B7E6}"
EndProject
Project("{FAE04EC0-301F-11D3-BF4B-00C04F79EFBC}") = "WebsiteLaptop.Data", "WebsiteLaptop.Data\WebsiteLaptop.Data.csproj", "{0EF24732-7273-48B4-9D6F-1BA811674DE4}"
EndProject
Project("{FAE04EC0-301F-11D3-BF4B-00C04F79EFBC}") = "WebsiteLaptop.Data.EF", "WebsiteLaptop.Data.EF\WebsiteLaptop.Data.EF.csproj", "{03C30FFB-36CB-46B8-86DE-27FBC0F3F571}"
EndProject
Project("{FAE04EC0-301F-11D3-BF4B-00C04F79EFBC}") = "WebsiteLaptop.Infrastructure", "WebsiteLaptop.Infrastructure\WebsiteLaptop.Infrastructure.csproj", "{1A8DD8E3-62CA-4F6F-8045-2484A9E24B05}"
EndProject
Project("{FAE04EC0-301F-11D3-BF4B-00C04F79EFBC}") = "WebsiteLaptop.Utilities", "WebsiteLaptop.Utilities\WebsiteLaptop.Utilities.csproj", "{E2A54682-E144-4764-82F6-A56DA190FFAE}"
EndProject
Project("{2150E333-8FDC-42A3-9474-1A3956D46DE8}") = "1-Application", "1-Application", "{B4255EA2-1E9A-4832-B352-06BAD8FE1707}"
EndProject
Project("{2150E333-8FDC-42A3-9474-1A3956D46DE8}") = "2-Service", "2-Service", "{ED815993-39A6-4907-9E50-1EC58AB7EF1C}"
EndProject
Project("{2150E333-8FDC-42A3-9474-1A3956D46DE8}") = "3-Data", "3-Data", "{8D15F6AE-466E-4F2C-9868-269ED90395B8}"
EndProject
Project("{2150E333-8FDC-42A3-9474-1A3956D46DE8}") = "4-Infrastructure", "4-Infrastructure", "{C8124ED5-9D60-49D1-A8EF-32EE111449A5}"
EndProject
Global
	GlobalSection(SolutionConfigurationPlatforms) = preSolution
		Debug|Any CPU = Debug|Any CPU
		Release|Any CPU = Release|Any CPU
	EndGlobalSection
	GlobalSection(ProjectConfigurationPlatforms) = postSolution
		{6D30F470-7919-4468-B362-93FB78876DCB}.Debug|Any CPU.ActiveCfg = Debug|Any CPU
		{6D30F470-7919-4468-B362-93FB78876DCB}.Debug|Any CPU.Build.0 = Debug|Any CPU
		{6D30F470-7919-4468-B362-93FB78876DCB}.Release|Any CPU.ActiveCfg = Release|Any CPU
		{6D30F470-7919-4468-B362-93FB78876DCB}.Release|Any CPU.Build.0 = Release|Any CPU
		{4EE227A2-4184-4756-8A2E-9DD1FD04B7E6}.Debug|Any CPU.ActiveCfg = Debug|Any CPU
		{4EE227A2-4184-4756-8A2E-9DD1FD04B7E6}.Debug|Any CPU.Build.0 = Debug|Any CPU
		{4EE227A2-4184-4756-8A2E-9DD1FD04B7E6}.Release|Any CPU.ActiveCfg = Release|Any CPU
		{4EE227A2-4184-4756-8A2E-9DD1FD04B7E6}.Release|Any CPU.Build.0 = Release|Any CPU
		{0EF24732-7273-48B4-9D6F-1BA811674DE4}.Debug|Any CPU.ActiveCfg = Debug|Any CPU
		{0EF24732-7273-48B4-9D6F-1BA811674DE4}.Debug|Any CPU.Build.0 = Debug|Any CPU
		{0EF24732-7273-48B4-9D6F-1BA811674DE4}.Release|Any CPU.ActiveCfg = Release|Any CPU
		{0EF24732-7273-48B4-9D6F-1BA811674DE4}.Release|Any CPU.Build.0 = Release|Any CPU
		{03C30FFB-36CB-46B8-86DE-27FBC0F3F571}.Debug|Any CPU.ActiveCfg = Debug|Any CPU
		{03C30FFB-36CB-46B8-86DE-27FBC0F3F571}.Debug|Any CPU.Build.0 = Debug|Any CPU
		{03C30FFB-36CB-46B8-86DE-27FBC0F3F571}.Release|Any CPU.ActiveCfg = Release|Any CPU
		{03C30FFB-36CB-46B8-86DE-27FBC0F3F571}.Release|Any CPU.Build.0 = Release|Any CPU
		{1A8DD8E3-62CA-4F6F-8045-2484A9E24B05}.Debug|Any CPU.ActiveCfg = Debug|Any CPU
		{1A8DD8E3-62CA-4F6F-8045-2484A9E24B05}.Debug|Any CPU.Build.0 = Debug|Any CPU
		{1A8DD8E3-62CA-4F6F-8045-2484A9E24B05}.Release|Any CPU.ActiveCfg = Release|Any CPU
		{1A8DD8E3-62CA-4F6F-8045-2484A9E24B05}.Release|Any CPU.Build.0 = Release|Any CPU
		{E2A54682-E144-4764-82F6-A56DA190FFAE}.Debug|Any CPU.ActiveCfg = Debug|Any CPU
		{E2A54682-E144-4764-82F6-A56DA190FFAE}.Debug|Any CPU.Build.0 = Debug|Any CPU
		{E2A54682-E144-4764-82F6-A56DA190FFAE}.Release|Any CPU.ActiveCfg = Release|Any CPU
		{E2A54682-E144-4764-82F6-A56DA190FFAE}.Release|Any CPU.Build.0 = Release|Any CPU
	EndGlobalSection
	GlobalSection(SolutionProperties) = preSolution
		HideSolutionNode = FALSE
	EndGlobalSection
	GlobalSection(NestedProjects) = preSolution
		{6D30F470-7919-4468-B362-93FB78876DCB} = {B4255EA2-1E9A-4832-B352-06BAD8FE1707}
		{4EE227A2-4184-4756-8A2E-9DD1FD04B7E6} = {ED815993-39A6-4907-9E50-1EC58AB7EF1C}
		{0EF24732-7273-48B4-9D6F-1BA811674DE4} = {8D15F6AE-466E-4F2C-9868-269ED90395B8}
		{03C30FFB-36CB-46B8-86DE-27FBC0F3F571} = {8D15F6AE-466E-4F2C-9868-269ED90395B8}
		{1A8DD8E3-62CA-4F6F-8045-2484A9E24B05} = {C8124ED5-9D60-49D1-A8EF-32EE111449A5}
		{E2A54682-E144-4764-82F6-A56DA190FFAE} = {C8124ED5-9D60-49D1-A8EF-32EE111449A5}
	EndGlobalSection
	GlobalSection(ExtensibilityGlobals) = postSolution
		SolutionGuid = {D4947175-0902-4465-80A8-FE2308FB978D}
	EndGlobalSection
EndGlobal
